
Microsoft Visual Studio Solution File, Format Version 12.00
# Visual Studio Express 2012 for Windows Desktop
Project("{FAE04EC0-301F-11D3-BF4B-00C04F79EFBC}") = "SimpleKanban.Domain", "SimpleKanban.Domain\SimpleKanban.Domain.csproj", "{3E347859-5583-44D5-83D2-C9E0B86C30C2}"
EndProject
Project("{FAE04EC0-301F-11D3-BF4B-00C04F79EFBC}") = "SimpleKanban.Domain.Tests", "Tests\SimpleKanban.Domain.Tests\SimpleKanban.Domain.Tests.csproj", "{E742B8DD-50BC-429B-B0FA-35BE715D8BA5}"
EndProject
Global
	GlobalSection(SolutionConfigurationPlatforms) = preSolution
		Debug|Any CPU = Debug|Any CPU
		Debug|Mixed Platforms = Debug|Mixed Platforms
		Debug|x86 = Debug|x86
		Release|Any CPU = Release|Any CPU
		Release|Mixed Platforms = Release|Mixed Platforms
		Release|x86 = Release|x86
	EndGlobalSection
	GlobalSection(ProjectConfigurationPlatforms) = postSolution
		{3E347859-5583-44D5-83D2-C9E0B86C30C2}.Debug|Any CPU.ActiveCfg = Debug|Any CPU
		{3E347859-5583-44D5-83D2-C9E0B86C30C2}.Debug|Any CPU.Build.0 = Debug|Any CPU
		{3E347859-5583-44D5-83D2-C9E0B86C30C2}.Debug|Mixed Platforms.ActiveCfg = Debug|Any CPU
		{3E347859-5583-44D5-83D2-C9E0B86C30C2}.Debug|Mixed Platforms.Build.0 = Debug|Any CPU
		{3E347859-5583-44D5-83D2-C9E0B86C30C2}.Debug|x86.ActiveCfg = Debug|Any CPU
		{3E347859-5583-44D5-83D2-C9E0B86C30C2}.Release|Any CPU.ActiveCfg = Debug|Any CPU
		{3E347859-5583-44D5-83D2-C9E0B86C30C2}.Release|Any CPU.Build.0 = Debug|Any CPU
		{3E347859-5583-44D5-83D2-C9E0B86C30C2}.Release|Mixed Platforms.ActiveCfg = Debug|Any CPU
		{3E347859-5583-44D5-83D2-C9E0B86C30C2}.Release|Mixed Platforms.Build.0 = Debug|Any CPU
		{3E347859-5583-44D5-83D2-C9E0B86C30C2}.Release|x86.ActiveCfg = Debug|Any CPU
		{E742B8DD-50BC-429B-B0FA-35BE715D8BA5}.Debug|Any CPU.ActiveCfg = Debug|Any CPU
		{E742B8DD-50BC-429B-B0FA-35BE715D8BA5}.Debug|Any CPU.Build.0 = Debug|Any CPU
		{E742B8DD-50BC-429B-B0FA-35BE715D8BA5}.Debug|Mixed Platforms.ActiveCfg = Debug|Any CPU
		{E742B8DD-50BC-429B-B0FA-35BE715D8BA5}.Debug|Mixed Platforms.Build.0 = Debug|Any CPU
		{E742B8DD-50BC-429B-B0FA-35BE715D8BA5}.Debug|x86.ActiveCfg = Debug|Any CPU
		{E742B8DD-50BC-429B-B0FA-35BE715D8BA5}.Release|Any CPU.ActiveCfg = Release|Any CPU
		{E742B8DD-50BC-429B-B0FA-35BE715D8BA5}.Release|Any CPU.Build.0 = Release|Any CPU
		{E742B8DD-50BC-429B-B0FA-35BE715D8BA5}.Release|Mixed Platforms.ActiveCfg = Release|Any CPU
		{E742B8DD-50BC-429B-B0FA-35BE715D8BA5}.Release|Mixed Platforms.Build.0 = Release|Any CPU
		{E742B8DD-50BC-429B-B0FA-35BE715D8BA5}.Release|x86.ActiveCfg = Release|Any CPU
	EndGlobalSection
	GlobalSection(SolutionProperties) = preSolution
		HideSolutionNode = FALSE
	EndGlobalSection
EndGlobal
